
Microsoft Visual Studio Solution File, Format Version 12.00
# Visual Studio 15
VisualStudioVersion = 15.0.27004.2010
MinimumVisualStudioVersion = 10.0.40219.1
Project("{FAE04EC0-301F-11D3-BF4B-00C04F79EFBC}") = "CSS475_Database_UI", "CSS475_Database_UI\CSS475_Database_UI.csproj", "{4A290D03-C5F5-4E3F-AF90-BCE243DF92F2}"
EndProject
Global
	GlobalSection(SolutionConfigurationPlatforms) = preSolution
		Debug|Any CPU = Debug|Any CPU
		Release|Any CPU = Release|Any CPU
	EndGlobalSection
	GlobalSection(ProjectConfigurationPlatforms) = postSolution
		{4A290D03-C5F5-4E3F-AF90-BCE243DF92F2}.Debug|Any CPU.ActiveCfg = Debug|Any CPU
		{4A290D03-C5F5-4E3F-AF90-BCE243DF92F2}.Debug|Any CPU.Build.0 = Debug|Any CPU
		{4A290D03-C5F5-4E3F-AF90-BCE243DF92F2}.Release|Any CPU.ActiveCfg = Release|Any CPU
		{4A290D03-C5F5-4E3F-AF90-BCE243DF92F2}.Release|Any CPU.Build.0 = Release|Any CPU
	EndGlobalSection
	GlobalSection(SolutionProperties) = preSolution
		HideSolutionNode = FALSE
	EndGlobalSection
	GlobalSection(ExtensibilityGlobals) = postSolution
		SolutionGuid = {E4AC4DA0-DF8F-4EE6-990E-BBA535749EBC}
	EndGlobalSection
EndGlobal
